{
  "name": "Situs-Slot-Bonus-New-Member-100-di-Awal-Depo-25-Bonus-25-To-Rendah-3X-5X-8X-10X-14X-18X",
  "version": "1.5.0",
  "lockfileVersion": 2,
  "requires": true,
  "packages": {
    "": {
      "name": "Situs-Slot-Bonus-New-Member-100-di-Awal-Depo-25-Bonus-25-To-Rendah-3X-5X-8X-10X-14X-18X",
      "version": "1.2.1",
      "license": "MIT",
      "engines": {
        "atom": ">=1.0.0 <2.0.0"
      }
    }
  }
}
